PODS:
  - EstimoteBluetoothScanning (1.0.8)
  - EstimoteProximitySDK (1.6.1):
    - EstimoteBluetoothScanning (~> 1.0.8)

DEPENDENCIES:
  - EstimoteProximitySDK (~> 1.6.1)

SPEC REPOS:
  https://github.com/cocoapods/specs.git:
    - EstimoteBluetoothScanning
    - EstimoteProximitySDK

SPEC CHECKSUMS:
  EstimoteBluetoothScanning: aef117c8584951609403dc73cb07f6501911a365
  EstimoteProximitySDK: 3f3c762d1220c1112c354d681640178402634f05

PODFILE CHECKSUM: 32e7415561d25a7074878453638bdbc8cbc2bbb9

COCOAPODS: 1.5.3
